
Microsoft Visual Studio Solution File, Format Version 12.00
# Visual Studio Version 17
VisualStudioVersion = 17.1.32414.318
MinimumVisualStudioVersion = 10.0.40219.1
Project("{FAE04EC0-301F-11D3-BF4B-00C04F79EFBC}") = "KutuphaneOtomasyonu", "KutuphaneOtomasyonu\KutuphaneOtomasyonu.csproj", "{B5E44CE8-6646-414F-B6CD-3ADD425AB4F1}"
EndProject
Global
	GlobalSection(SolutionConfigurationPlatforms) = preSolution
		Debug|Any CPU = Debug|Any CPU
		Release|Any CPU = Release|Any CPU
	EndGlobalSection
	GlobalSection(ProjectConfigurationPlatforms) = postSolution
		{B5E44CE8-6646-414F-B6CD-3ADD425AB4F1}.Debug|Any CPU.ActiveCfg = Debug|Any CPU
		{B5E44CE8-6646-414F-B6CD-3ADD425AB4F1}.Debug|Any CPU.Build.0 = Debug|Any CPU
		{B5E44CE8-6646-414F-B6CD-3ADD425AB4F1}.Release|Any CPU.ActiveCfg = Release|Any CPU
		{B5E44CE8-6646-414F-B6CD-3ADD425AB4F1}.Release|Any CPU.Build.0 = Release|Any CPU
	EndGlobalSection
	GlobalSection(SolutionProperties) = preSolution
		HideSolutionNode = FALSE
	EndGlobalSection
	GlobalSection(ExtensibilityGlobals) = postSolution
		SolutionGuid = {88E72369-04CB-4EEB-8A8D-969158688FFE}
	EndGlobalSection
EndGlobal
